// !$*UTF8*$!
{
	archiveVersion = 1;
	classes = {
	};
	objectVersion = 55;
	objects = {

/* Begin PBXBuildFile section */
		C701B4BF28FB31B900C94DE3 /* PlantListDataStore.swift in Sources */ = {isa = PBXBuildFile; fileRef = C701B4BE28FB31B900C94DE3 /* PlantListDataStore.swift */; };
		C701B4C128FB3A9D00C94DE3 /* PlantSearchView.swift in Sources */ = {isa = PBXBuildFile; fileRef = C701B4C028FB3A9D00C94DE3 /* PlantSearchView.swift */; };
		C701B4C328FBD16000C94DE3 /* ActivityIndicatorView.swift in Sources */ = {isa = PBXBuildFile; fileRef = C701B4C228FBD16000C94DE3 /* ActivityIndicatorView.swift */; };
		C70C12E928D70978003DF92A /* MainView.swift in Sources */ = {isa = PBXBuildFile; fileRef = C70C12E828D70978003DF92A /* MainView.swift */; };
		C70C12EB28D73563003DF92A /* DiaryDetailView.swift in Sources */ = {isa = PBXBuildFile; fileRef = C70C12EA28D73563003DF92A /* DiaryDetailView.swift */; };
		C70C12ED28D758D7003DF92A /* AddNoteView.swift in Sources */ = {isa = PBXBuildFile; fileRef = C70C12EC28D758D7003DF92A /* AddNoteView.swift */; };
		C70C12EF28DAD76C003DF92A /* ImagePicker.swift in Sources */ = {isa = PBXBuildFile; fileRef = C70C12EE28DAD76C003DF92A /* ImagePicker.swift */; };
		C72752B528D250E300013F46 /* LeafyApp.swift in Sources */ = {isa = PBXBuildFile; fileRef = C72752B428D250E300013F46 /* LeafyApp.swift */; };
		C72752B728D250E300013F46 /* ContentView.swift in Sources */ = {isa = PBXBuildFile; fileRef = C72752B628D250E300013F46 /* ContentView.swift */; };
		C72752B928D250E400013F46 /* Assets.xcassets in Resources */ = {isa = PBXBuildFile; fileRef = C72752B828D250E400013F46 /* Assets.xcassets */; };
		C72752BC28D250E400013F46 /* Preview Assets.xcassets in Resources */ = {isa = PBXBuildFile; fileRef = C72752BB28D250E400013F46 /* Preview Assets.xcassets */; };
		C72752C628D2565300013F46 /* PlantInfo.swift in Sources */ = {isa = PBXBuildFile; fileRef = C72752C528D2565300013F46 /* PlantInfo.swift */; };
		C72752CA28D25BFA00013F46 /* Plant.swift in Sources */ = {isa = PBXBuildFile; fileRef = C72752C928D25BFA00013F46 /* Plant.swift */; };
		C72752CD28D25E7300013F46 /* PlantDataStore.swift in Sources */ = {isa = PBXBuildFile; fileRef = C72752CC28D25E7300013F46 /* PlantDataStore.swift */; };
		C72752D228D63B3100013F46 /* Secret.swift in Sources */ = {isa = PBXBuildFile; fileRef = C72752D128D63B3100013F46 /* Secret.swift */; };
		C73555D6292F7A8E008E30F9 /* View.swift in Sources */ = {isa = PBXBuildFile; fileRef = C73555D5292F7A8E008E30F9 /* View.swift */; };
		C73555D8292F9626008E30F9 /* Constant.swift in Sources */ = {isa = PBXBuildFile; fileRef = C73555D7292F9626008E30F9 /* Constant.swift */; };
		C73555DA292FA7CE008E30F9 /* NoteDetailView.swift in Sources */ = {isa = PBXBuildFile; fileRef = C73555D9292FA7CE008E30F9 /* NoteDetailView.swift */; };
		C73555DC292FAE09008E30F9 /* NoteImageView.swift in Sources */ = {isa = PBXBuildFile; fileRef = C73555DB292FAE09008E30F9 /* NoteImageView.swift */; };
		C73555DF292FB3B4008E30F9 /* Leafy.xcdatamodeld in Sources */ = {isa = PBXBuildFile; fileRef = C73555DD292FB3B4008E30F9 /* Leafy.xcdatamodeld */; };
		C73555E1292FB838008E30F9 /* PersistenceController.swift in Sources */ = {isa = PBXBuildFile; fileRef = C73555E0292FB838008E30F9 /* PersistenceController.swift */; };
		C73555E3292FCD47008E30F9 /* EditDiaryView.swift in Sources */ = {isa = PBXBuildFile; fileRef = C73555E2292FCD47008E30F9 /* EditDiaryView.swift */; };
		C73555E529311E25008E30F9 /* EditNoteView.swift in Sources */ = {isa = PBXBuildFile; fileRef = C73555E429311E25008E30F9 /* EditNoteView.swift */; };
		C79E139D28E9B0990010C4BA /* DiaryListView.swift in Sources */ = {isa = PBXBuildFile; fileRef = C79E139C28E9B0990010C4BA /* DiaryListView.swift */; };
		C79E139F28E9C0590010C4BA /* FlatLinkStyle.swift in Sources */ = {isa = PBXBuildFile; fileRef = C79E139E28E9C0590010C4BA /* FlatLinkStyle.swift */; };
		C79E13A328EB169A0010C4BA /* AddDiaryView.swift in Sources */ = {isa = PBXBuildFile; fileRef = C79E13A228EB169A0010C4BA /* AddDiaryView.swift */; };
		C79E13A628EB1A670010C4BA /* Pretendard-Medium.ttf in Resources */ = {isa = PBXBuildFile; fileRef = C79E13A528EB1A670010C4BA /* Pretendard-Medium.ttf */; };
		C79E13A828EB1A740010C4BA /* Pretendard-Regular.ttf in Resources */ = {isa = PBXBuildFile; fileRef = C79E13A728EB1A740010C4BA /* Pretendard-Regular.ttf */; };
		C79E13AA28EB1A7E0010C4BA /* Pretendard-SemiBold.ttf in Resources */ = {isa = PBXBuildFile; fileRef = C79E13A928EB1A7E0010C4BA /* Pretendard-SemiBold.ttf */; };
		C79E13AE28EB1B240010C4BA /* FontManager.swift in Sources */ = {isa = PBXBuildFile; fileRef = C79E13AD28EB1B240010C4BA /* FontManager.swift */; };
		C79E13B028EB3E180010C4BA /* NanumHimNaeRaNeunMarBoDan.ttf in Resources */ = {isa = PBXBuildFile; fileRef = C79E13AF28EB3E180010C4BA /* NanumHimNaeRaNeunMarBoDan.ttf */; };
		C79E13B228EB61350010C4BA /* PlantingTipView.swift in Sources */ = {isa = PBXBuildFile; fileRef = C79E13B128EB61350010C4BA /* PlantingTipView.swift */; };
		C79E13B428EDEAD90010C4BA /* Utils.swift in Sources */ = {isa = PBXBuildFile; fileRef = C79E13B328EDEAD90010C4BA /* Utils.swift */; };
/* End PBXBuildFile section */

/* Begin PBXFileReference section */
		C701B4BE28FB31B900C94DE3 /* PlantListDataStore.swift */ = {isa = PBXFileReference; lastKnownFileType = sourcecode.swift; path = PlantListDataStore.swift; sourceTree = "<group>"; };
		C701B4C028FB3A9D00C94DE3 /* PlantSearchView.swift */ = {isa = PBXFileReference; lastKnownFileType = sourcecode.swift; path = PlantSearchView.swift; sourceTree = "<group>"; };
		C701B4C228FBD16000C94DE3 /* ActivityIndicatorView.swift */ = {isa = PBXFileReference; lastKnownFileType = sourcecode.swift; path = ActivityIndicatorView.swift; sourceTree = "<group>"; };
		C70C12E828D70978003DF92A /* MainView.swift */ = {isa = PBXFileReference; lastKnownFileType = sourcecode.swift; path = MainView.swift; sourceTree = "<group>"; };
		C70C12EA28D73563003DF92A /* DiaryDetailView.swift */ = {isa = PBXFileReference; lastKnownFileType = sourcecode.swift; path = DiaryDetailView.swift; sourceTree = "<group>"; };
		C70C12EC28D758D7003DF92A /* AddNoteView.swift */ = {isa = PBXFileReference; lastKnownFileType = sourcecode.swift; path = AddNoteView.swift; sourceTree = "<group>"; };
		C70C12EE28DAD76C003DF92A /* ImagePicker.swift */ = {isa = PBXFileReference; lastKnownFileType = sourcecode.swift; path = ImagePicker.swift; sourceTree = "<group>"; };
		C72752B128D250E300013F46 /* Leafy.app */ = {isa = PBXFileReference; explicitFileType = wrapper.application; includeInIndex = 0; path = Leafy.app; sourceTree = BUILT_PRODUCTS_DIR; };
		C72752B428D250E300013F46 /* LeafyApp.swift */ = {isa = PBXFileReference; lastKnownFileType = sourcecode.swift; path = LeafyApp.swift; sourceTree = "<group>"; };
		C72752B628D250E300013F46 /* ContentView.swift */ = {isa = PBXFileReference; lastKnownFileType = sourcecode.swift; path = ContentView.swift; sourceTree = "<group>"; };
		C72752B828D250E400013F46 /* Assets.xcassets */ = {isa = PBXFileReference; lastKnownFileType = folder.assetcatalog; path = Assets.xcassets; sourceTree = "<group>"; };
		C72752BB28D250E400013F46 /* Preview Assets.xcassets */ = {isa = PBXFileReference; lastKnownFileType = folder.assetcatalog; path = "Preview Assets.xcassets"; sourceTree = "<group>"; };
		C72752C528D2565300013F46 /* PlantInfo.swift */ = {isa = PBXFileReference; lastKnownFileType = sourcecode.swift; path = PlantInfo.swift; sourceTree = "<group>"; };
		C72752C928D25BFA00013F46 /* Plant.swift */ = {isa = PBXFileReference; lastKnownFileType = sourcecode.swift; path = Plant.swift; sourceTree = "<group>"; };
		C72752CC28D25E7300013F46 /* PlantDataStore.swift */ = {isa = PBXFileReference; lastKnownFileType = sourcecode.swift; path = PlantDataStore.swift; sourceTree = "<group>"; };
		C72752CE28D3291C00013F46 /* Info.plist */ = {isa = PBXFileReference; lastKnownFileType = text.plist; path = Info.plist; sourceTree = "<group>"; };
		C72752D128D63B3100013F46 /* Secret.swift */ = {isa = PBXFileReference; lastKnownFileType = sourcecode.swift; path = Secret.swift; sourceTree = "<group>"; };
		C73555D5292F7A8E008E30F9 /* View.swift */ = {isa = PBXFileReference; lastKnownFileType = sourcecode.swift; path = View.swift; sourceTree = "<group>"; };
		C73555D7292F9626008E30F9 /* Constant.swift */ = {isa = PBXFileReference; lastKnownFileType = sourcecode.swift; path = Constant.swift; sourceTree = "<group>"; };
		C73555D9292FA7CE008E30F9 /* NoteDetailView.swift */ = {isa = PBXFileReference; lastKnownFileType = sourcecode.swift; path = NoteDetailView.swift; sourceTree = "<group>"; };
		C73555DB292FAE09008E30F9 /* NoteImageView.swift */ = {isa = PBXFileReference; lastKnownFileType = sourcecode.swift; path = NoteImageView.swift; sourceTree = "<group>"; };
		C73555DE292FB3B4008E30F9 /* Leafy.xcdatamodel */ = {isa = PBXFileReference; lastKnownFileType = wrapper.xcdatamodel; path = Leafy.xcdatamodel; sourceTree = "<group>"; };
		C73555E0292FB838008E30F9 /* PersistenceController.swift */ = {isa = PBXFileReference; lastKnownFileType = sourcecode.swift; path = PersistenceController.swift; sourceTree = "<group>"; };
		C73555E2292FCD47008E30F9 /* EditDiaryView.swift */ = {isa = PBXFileReference; lastKnownFileType = sourcecode.swift; path = EditDiaryView.swift; sourceTree = "<group>"; };
		C73555E429311E25008E30F9 /* EditNoteView.swift */ = {isa = PBXFileReference; lastKnownFileType = sourcecode.swift; path = EditNoteView.swift; sourceTree = "<group>"; };
		C79E139C28E9B0990010C4BA /* DiaryListView.swift */ = {isa = PBXFileReference; lastKnownFileType = sourcecode.swift; path = DiaryListView.swift; sourceTree = "<group>"; };
		C79E139E28E9C0590010C4BA /* FlatLinkStyle.swift */ = {isa = PBXFileReference; lastKnownFileType = sourcecode.swift; path = FlatLinkStyle.swift; sourceTree = "<group>"; };
		C79E13A228EB169A0010C4BA /* AddDiaryView.swift */ = {isa = PBXFileReference; lastKnownFileType = sourcecode.swift; path = AddDiaryView.swift; sourceTree = "<group>"; };
		C79E13A528EB1A670010C4BA /* Pretendard-Medium.ttf */ = {isa = PBXFileReference; lastKnownFileType = file; path = "Pretendard-Medium.ttf"; sourceTree = "<group>"; };
		C79E13A728EB1A740010C4BA /* Pretendard-Regular.ttf */ = {isa = PBXFileReference; lastKnownFileType = file; path = "Pretendard-Regular.ttf"; sourceTree = "<group>"; };
		C79E13A928EB1A7E0010C4BA /* Pretendard-SemiBold.ttf */ = {isa = PBXFileReference; lastKnownFileType = file; path = "Pretendard-SemiBold.ttf"; sourceTree = "<group>"; };
		C79E13AD28EB1B240010C4BA /* FontManager.swift */ = {isa = PBXFileReference; lastKnownFileType = sourcecode.swift; path = FontManager.swift; sourceTree = "<group>"; };
		C79E13AF28EB3E180010C4BA /* NanumHimNaeRaNeunMarBoDan.ttf */ = {isa = PBXFileReference; lastKnownFileType = file; path = NanumHimNaeRaNeunMarBoDan.ttf; sourceTree = "<group>"; };
		C79E13B128EB61350010C4BA /* PlantingTipView.swift */ = {isa = PBXFileReference; lastKnownFileType = sourcecode.swift; path = PlantingTipView.swift; sourceTree = "<group>"; };
		C79E13B328EDEAD90010C4BA /* Utils.swift */ = {isa = PBXFileReference; lastKnownFileType = sourcecode.swift; path = Utils.swift; sourceTree = "<group>"; };
/* End PBXFileReference section */

/* Begin PBXFrameworksBuildPhase section */
		C72752AE28D250E300013F46 /* Frameworks */ = {
			isa = PBXFrameworksBuildPhase;
			buildActionMask = 2147483647;
			files = (
			);
			runOnlyForDeploymentPostprocessing = 0;
		};
/* End PBXFrameworksBuildPhase section */

/* Begin PBXGroup section */
		C72752A828D250E300013F46 = {
			isa = PBXGroup;
			children = (
				C72752B328D250E300013F46 /* Leafy */,
				C72752B228D250E300013F46 /* Products */,
			);
			sourceTree = "<group>";
		};
		C72752B228D250E300013F46 /* Products */ = {
			isa = PBXGroup;
			children = (
				C72752B128D250E300013F46 /* Leafy.app */,
			);
			name = Products;
			sourceTree = "<group>";
		};
		C72752B328D250E300013F46 /* Leafy */ = {
			isa = PBXGroup;
			children = (
				C79E13A428EB1A570010C4BA /* Font */,
				C72752CE28D3291C00013F46 /* Info.plist */,
				C72752B428D250E300013F46 /* LeafyApp.swift */,
				C72752B828D250E400013F46 /* Assets.xcassets */,
				C72752C228D2552E00013F46 /* Model */,
				C72752C428D2555C00013F46 /* View */,
				C72752CB28D25E4300013F46 /* Helper */,
				C73555D4292F7A7F008E30F9 /* Extension */,
				C72752BA28D250E400013F46 /* Preview Content */,
			);
			path = Leafy;
			sourceTree = "<group>";
		};
		C72752BA28D250E400013F46 /* Preview Content */ = {
			isa = PBXGroup;
			children = (
				C72752BB28D250E400013F46 /* Preview Assets.xcassets */,
			);
			path = "Preview Content";
			sourceTree = "<group>";
		};
		C72752C228D2552E00013F46 /* Model */ = {
			isa = PBXGroup;
			children = (
				C72752C528D2565300013F46 /* PlantInfo.swift */,
				C72752C928D25BFA00013F46 /* Plant.swift */,
				C73555DD292FB3B4008E30F9 /* Leafy.xcdatamodeld */,
			);
			path = Model;
			sourceTree = "<group>";
		};
		C72752C428D2555C00013F46 /* View */ = {
			isa = PBXGroup;
			children = (
				C72752B628D250E300013F46 /* ContentView.swift */,
				C70C12E828D70978003DF92A /* MainView.swift */,
				C79E139C28E9B0990010C4BA /* DiaryListView.swift */,
				C70C12EA28D73563003DF92A /* DiaryDetailView.swift */,
				C79E13B128EB61350010C4BA /* PlantingTipView.swift */,
				C73555D9292FA7CE008E30F9 /* NoteDetailView.swift */,
				C73555DB292FAE09008E30F9 /* NoteImageView.swift */,
				C79E13A228EB169A0010C4BA /* AddDiaryView.swift */,
				C73555E2292FCD47008E30F9 /* EditDiaryView.swift */,
				C70C12EC28D758D7003DF92A /* AddNoteView.swift */,
				C73555E429311E25008E30F9 /* EditNoteView.swift */,
				C701B4C028FB3A9D00C94DE3 /* PlantSearchView.swift */,
				C701B4C228FBD16000C94DE3 /* ActivityIndicatorView.swift */,
			);
			path = View;
			sourceTree = "<group>";
		};
		C72752CB28D25E4300013F46 /* Helper */ = {
			isa = PBXGroup;
			children = (
				C72752CC28D25E7300013F46 /* PlantDataStore.swift */,
				C701B4BE28FB31B900C94DE3 /* PlantListDataStore.swift */,
				C72752D128D63B3100013F46 /* Secret.swift */,
				C70C12EE28DAD76C003DF92A /* ImagePicker.swift */,
				C79E139E28E9C0590010C4BA /* FlatLinkStyle.swift */,
				C79E13B328EDEAD90010C4BA /* Utils.swift */,
				C73555D7292F9626008E30F9 /* Constant.swift */,
				C73555E0292FB838008E30F9 /* PersistenceController.swift */,
			);
			path = Helper;
			sourceTree = "<group>";
		};
		C73555D4292F7A7F008E30F9 /* Extension */ = {
			isa = PBXGroup;
			children = (
				C73555D5292F7A8E008E30F9 /* View.swift */,
			);
			path = Extension;
			sourceTree = "<group>";
		};
		C79E13A428EB1A570010C4BA /* Font */ = {
			isa = PBXGroup;
			children = (
				C79E13A528EB1A670010C4BA /* Pretendard-Medium.ttf */,
				C79E13A728EB1A740010C4BA /* Pretendard-Regular.ttf */,
				C79E13A928EB1A7E0010C4BA /* Pretendard-SemiBold.ttf */,
				C79E13AF28EB3E180010C4BA /* NanumHimNaeRaNeunMarBoDan.ttf */,
				C79E13AD28EB1B240010C4BA /* FontManager.swift */,
			);
			path = Font;
			sourceTree = "<group>";
		};
/* End PBXGroup section */

/* Begin PBXNativeTarget section */
		C72752B028D250E300013F46 /* Leafy */ = {
			isa = PBXNativeTarget;
			buildConfigurationList = C72752BF28D250E400013F46 /* Build configuration list for PBXNativeTarget "Leafy" */;
			buildPhases = (
				C72752AD28D250E300013F46 /* Sources */,
				C72752AE28D250E300013F46 /* Frameworks */,
				C72752AF28D250E300013F46 /* Resources */,
			);
			buildRules = (
			);
			dependencies = (
			);
			name = Leafy;
			packageProductDependencies = (
			);
			productName = Leafy;
			productReference = C72752B128D250E300013F46 /* Leafy.app */;
			productType = "com.apple.product-type.application";
		};
/* End PBXNativeTarget section */

/* Begin PBXProject section */
		C72752A928D250E300013F46 /* Project object */ = {
			isa = PBXProject;
			attributes = {
				BuildIndependentTargetsInParallel = 1;
				LastSwiftUpdateCheck = 1340;
				LastUpgradeCheck = 1340;
				TargetAttributes = {
					C72752B028D250E300013F46 = {
						CreatedOnToolsVersion = 13.4.1;
					};
				};
			};
			buildConfigurationList = C72752AC28D250E300013F46 /* Build configuration list for PBXProject "Leafy" */;
			compatibilityVersion = "Xcode 13.0";
			developmentRegion = en;
			hasScannedForEncodings = 0;
			knownRegions = (
				en,
				Base,
			);
			mainGroup = C72752A828D250E300013F46;
			packageReferences = (
			);
			productRefGroup = C72752B228D250E300013F46 /* Products */;
			projectDirPath = "";
			projectRoot = "";
			targets = (
				C72752B028D250E300013F46 /* Leafy */,
			);
		};
/* End PBXProject section */

/* Begin PBXResourcesBuildPhase section */
		C72752AF28D250E300013F46 /* Resources */ = {
			isa = PBXResourcesBuildPhase;
			buildActionMask = 2147483647;
			files = (
				C72752BC28D250E400013F46 /* Preview Assets.xcassets in Resources */,
				C72752B928D250E400013F46 /* Assets.xcassets in Resources */,
				C79E13AA28EB1A7E0010C4BA /* Pretendard-SemiBold.ttf in Resources */,
				C79E13A828EB1A740010C4BA /* Pretendard-Regular.ttf in Resources */,
				C79E13A628EB1A670010C4BA /* Pretendard-Medium.ttf in Resources */,
				C79E13B028EB3E180010C4BA /* NanumHimNaeRaNeunMarBoDan.ttf in Resources */,
			);
			runOnlyForDeploymentPostprocessing = 0;
		};
/* End PBXResourcesBuildPhase section */

/* Begin PBXSourcesBuildPhase section */
		C72752AD28D250E300013F46 /* Sources */ = {
			isa = PBXSourcesBuildPhase;
			buildActionMask = 2147483647;
			files = (
				C72752B728D250E300013F46 /* ContentView.swift in Sources */,
				C73555E529311E25008E30F9 /* EditNoteView.swift in Sources */,
				C701B4BF28FB31B900C94DE3 /* PlantListDataStore.swift in Sources */,
				C73555DC292FAE09008E30F9 /* NoteImageView.swift in Sources */,
				C73555DF292FB3B4008E30F9 /* Leafy.xcdatamodeld in Sources */,
				C70C12E928D70978003DF92A /* MainView.swift in Sources */,
				C72752D228D63B3100013F46 /* Secret.swift in Sources */,
				C701B4C128FB3A9D00C94DE3 /* PlantSearchView.swift in Sources */,
				C72752B528D250E300013F46 /* LeafyApp.swift in Sources */,
				C72752C628D2565300013F46 /* PlantInfo.swift in Sources */,
				C73555DA292FA7CE008E30F9 /* NoteDetailView.swift in Sources */,
				C72752CD28D25E7300013F46 /* PlantDataStore.swift in Sources */,
				C70C12ED28D758D7003DF92A /* AddNoteView.swift in Sources */,
				C73555E3292FCD47008E30F9 /* EditDiaryView.swift in Sources */,
				C79E13B428EDEAD90010C4BA /* Utils.swift in Sources */,
				C79E13A328EB169A0010C4BA /* AddDiaryView.swift in Sources */,
				C70C12EF28DAD76C003DF92A /* ImagePicker.swift in Sources */,
				C73555D6292F7A8E008E30F9 /* View.swift in Sources */,
				C79E13AE28EB1B240010C4BA /* FontManager.swift in Sources */,
				C73555D8292F9626008E30F9 /* Constant.swift in Sources */,
				C72752CA28D25BFA00013F46 /* Plant.swift in Sources */,
				C79E139D28E9B0990010C4BA /* DiaryListView.swift in Sources */,
				C79E139F28E9C0590010C4BA /* FlatLinkStyle.swift in Sources */,
				C79E13B228EB61350010C4BA /* PlantingTipView.swift in Sources */,
				C701B4C328FBD16000C94DE3 /* ActivityIndicatorView.swift in Sources */,
				C70C12EB28D73563003DF92A /* DiaryDetailView.swift in Sources */,
				C73555E1292FB838008E30F9 /* PersistenceController.swift in Sources */,
			);
			runOnlyForDeploymentPostprocessing = 0;
		};
/* End PBXSourcesBuildPhase section */

/* Begin XCBuildConfiguration section */
		C72752BD28D250E400013F46 /* Debug */ = {
			isa = XCBuildConfiguration;
			buildSettings = {
				ALWAYS_SEARCH_USER_PATHS = NO;
				CLANG_ANALYZER_NONNULL = YES;
				CLANG_ANALYZER_NUMBER_OBJECT_CONVERSION = YES_AGGRESSIVE;
				CLANG_CXX_LANGUAGE_STANDARD = "gnu++17";
				CLANG_ENABLE_MODULES = YES;
				CLANG_ENABLE_OBJC_ARC = YES;
				CLANG_ENABLE_OBJC_WEAK = YES;
				CLANG_WARN_BLOCK_CAPTURE_AUTORELEASING = YES;
				CLANG_WARN_BOOL_CONVERSION = YES;
				CLANG_WARN_COMMA = YES;
				CLANG_WARN_CONSTANT_CONVERSION = YES;
				CLANG_WARN_DEPRECATED_OBJC_IMPLEMENTATIONS = YES;
				CLANG_WARN_DIRECT_OBJC_ISA_USAGE = YES_ERROR;
				CLANG_WARN_DOCUMENTATION_COMMENTS = YES;
				CLANG_WARN_EMPTY_BODY = YES;
				CLANG_WARN_ENUM_CONVERSION = YES;
				CLANG_WARN_INFINITE_RECURSION = YES;
				CLANG_WARN_INT_CONVERSION = YES;
				CLANG_WARN_NON_LITERAL_NULL_CONVERSION = YES;
				CLANG_WARN_OBJC_IMPLICIT_RETAIN_SELF = YES;
				CLANG_WARN_OBJC_LITERAL_CONVERSION = YES;
				CLANG_WARN_OBJC_ROOT_CLASS = YES_ERROR;
				CLANG_WARN_QUOTED_INCLUDE_IN_FRAMEWORK_HEADER = YES;
				CLANG_WARN_RANGE_LOOP_ANALYSIS = YES;
				CLANG_WARN_STRICT_PROTOTYPES = YES;
				CLANG_WARN_SUSPICIOUS_MOVE = YES;
				CLANG_WARN_UNGUARDED_AVAILABILITY = YES_AGGRESSIVE;
				CLANG_WARN_UNREACHABLE_CODE = YES;
				CLANG_WARN__DUPLICATE_METHOD_MATCH = YES;
				COPY_PHASE_STRIP = NO;
				DEBUG_INFORMATION_FORMAT = dwarf;
				ENABLE_STRICT_OBJC_MSGSEND = YES;
				ENABLE_TESTABILITY = YES;
				GCC_C_LANGUAGE_STANDARD = gnu11;
				GCC_DYNAMIC_NO_PIC = NO;
				GCC_NO_COMMON_BLOCKS = YES;
				GCC_OPTIMIZATION_LEVEL = 0;
				GCC_PREPROCESSOR_DEFINITIONS = (
					"DEBUG=1",
					"$(inherited)",
				);
				GCC_WARN_64_TO_32_BIT_CONVERSION = YES;
				GCC_WARN_ABOUT_RETURN_TYPE = YES_ERROR;
				GCC_WARN_UNDECLARED_SELECTOR = YES;
				GCC_WARN_UNINITIALIZED_AUTOS = YES_AGGRESSIVE;
				GCC_WARN_UNUSED_FUNCTION = YES;
				GCC_WARN_UNUSED_VARIABLE = YES;
				IPHONEOS_DEPLOYMENT_TARGET = 15.0;
				MTL_ENABLE_DEBUG_INFO = INCLUDE_SOURCE;
				MTL_FAST_MATH = YES;
				ONLY_ACTIVE_ARCH = YES;
				SDKROOT = iphoneos;
				SWIFT_ACTIVE_COMPILATION_CONDITIONS = DEBUG;
				SWIFT_OPTIMIZATION_LEVEL = "-Onone";
			};
			name = Debug;
		};
		C72752BE28D250E400013F46 /* Release */ = {
			isa = XCBuildConfiguration;
			buildSettings = {
				ALWAYS_SEARCH_USER_PATHS = NO;
				CLANG_ANALYZER_NONNULL = YES;
				CLANG_ANALYZER_NUMBER_OBJECT_CONVERSION = YES_AGGRESSIVE;
				CLANG_CXX_LANGUAGE_STANDARD = "gnu++17";
				CLANG_ENABLE_MODULES = YES;
				CLANG_ENABLE_OBJC_ARC = YES;
				CLANG_ENABLE_OBJC_WEAK = YES;
				CLANG_WARN_BLOCK_CAPTURE_AUTORELEASING = YES;
				CLANG_WARN_BOOL_CONVERSION = YES;
				CLANG_WARN_COMMA = YES;
				CLANG_WARN_CONSTANT_CONVERSION = YES;
				CLANG_WARN_DEPRECATED_OBJC_IMPLEMENTATIONS = YES;
				CLANG_WARN_DIRECT_OBJC_ISA_USAGE = YES_ERROR;
				CLANG_WARN_DOCUMENTATION_COMMENTS = YES;
				CLANG_WARN_EMPTY_BODY = YES;
				CLANG_WARN_ENUM_CONVERSION = YES;
				CLANG_WARN_INFINITE_RECURSION = YES;
				CLANG_WARN_INT_CONVERSION = YES;
				CLANG_WARN_NON_LITERAL_NULL_CONVERSION = YES;
				CLANG_WARN_OBJC_IMPLICIT_RETAIN_SELF = YES;
				CLANG_WARN_OBJC_LITERAL_CONVERSION = YES;
				CLANG_WARN_OBJC_ROOT_CLASS = YES_ERROR;
				CLANG_WARN_QUOTED_INCLUDE_IN_FRAMEWORK_HEADER = YES;
				CLANG_WARN_RANGE_LOOP_ANALYSIS = YES;
				CLANG_WARN_STRICT_PROTOTYPES = YES;
				CLANG_WARN_SUSPICIOUS_MOVE = YES;
				CLANG_WARN_UNGUARDED_AVAILABILITY = YES_AGGRESSIVE;
				CLANG_WARN_UNREACHABLE_CODE = YES;
				CLANG_WARN__DUPLICATE_METHOD_MATCH = YES;
				COPY_PHASE_STRIP = NO;
				DEBUG_INFORMATION_FORMAT = "dwarf-with-dsym";
				ENABLE_NS_ASSERTIONS = NO;
				ENABLE_STRICT_OBJC_MSGSEND = YES;
				GCC_C_LANGUAGE_STANDARD = gnu11;
				GCC_NO_COMMON_BLOCKS = YES;
				GCC_WARN_64_TO_32_BIT_CONVERSION = YES;
				GCC_WARN_ABOUT_RETURN_TYPE = YES_ERROR;
				GCC_WARN_UNDECLARED_SELECTOR = YES;
				GCC_WARN_UNINITIALIZED_AUTOS = YES_AGGRESSIVE;
				GCC_WARN_UNUSED_FUNCTION = YES;
				GCC_WARN_UNUSED_VARIABLE = YES;
				IPHONEOS_DEPLOYMENT_TARGET = 15.0;
				MTL_ENABLE_DEBUG_INFO = NO;
				MTL_FAST_MATH = YES;
				SDKROOT = iphoneos;
				SWIFT_COMPILATION_MODE = wholemodule;
				SWIFT_OPTIMIZATION_LEVEL = "-O";
				VALIDATE_PRODUCT = YES;
			};
			name = Release;
		};
		C72752C028D250E400013F46 /* Debug */ = {
			isa = XCBuildConfiguration;
			buildSettings = {
				ASSETCATALOG_COMPILER_APPICON_NAME = AppIcon;
				ASSETCATALOG_COMPILER_GLOBAL_ACCENT_COLOR_NAME = AccentColor;
				CODE_SIGN_STYLE = Automatic;
				CURRENT_PROJECT_VERSION = 1;
				DEVELOPMENT_ASSET_PATHS = "\"Leafy/Preview Content\"";
				DEVELOPMENT_TEAM = HY8Y957QK3;
				ENABLE_PREVIEWS = YES;
				GENERATE_INFOPLIST_FILE = YES;
				INFOPLIST_FILE = Leafy/Info.plist;
				INFOPLIST_KEY_NSCameraUsageDescription = "식물 사진을 찍기 위해 카메라를 사용합니다.";
				INFOPLIST_KEY_UIApplicationSceneManifest_Generation = YES;
				INFOPLIST_KEY_UIApplicationSupportsIndirectInputEvents = YES;
				INFOPLIST_KEY_UILaunchScreen_Generation = YES;
				INFOPLIST_KEY_UISupportedInterfaceOrientations = UIInterfaceOrientationPortrait;
				INFOPLIST_KEY_UISupportedInterfaceOrientations_iPad = "UIInterfaceOrientationLandscapeLeft UIInterfaceOrientationLandscapeRight UIInterfaceOrientationPortrait UIInterfaceOrientationPortraitUpsideDown";
				LD_RUNPATH_SEARCH_PATHS = (
					"$(inherited)",
					"@executable_path/Frameworks",
				);
				MARKETING_VERSION = 1.0.0;
				PRODUCT_BUNDLE_IDENTIFIER = com.jio.Leafy;
				PRODUCT_NAME = "$(TARGET_NAME)";
				SUPPORTED_PLATFORMS = "iphoneos iphonesimulator";
				SUPPORTS_MACCATALYST = NO;
				SUPPORTS_MAC_DESIGNED_FOR_IPHONE_IPAD = NO;
				SWIFT_EMIT_LOC_STRINGS = YES;
				SWIFT_VERSION = 5.0;
				TARGETED_DEVICE_FAMILY = 1;
			};
			name = Debug;
		};
		C72752C128D250E400013F46 /* Release */ = {
			isa = XCBuildConfiguration;
			buildSettings = {
				ASSETCATALOG_COMPILER_APPICON_NAME = AppIcon;
				ASSETCATALOG_COMPILER_GLOBAL_ACCENT_COLOR_NAME = AccentColor;
				CODE_SIGN_STYLE = Automatic;
				CURRENT_PROJECT_VERSION = 1;
				DEVELOPMENT_ASSET_PATHS = "\"Leafy/Preview Content\"";
				DEVELOPMENT_TEAM = HY8Y957QK3;
				ENABLE_PREVIEWS = YES;
				GENERATE_INFOPLIST_FILE = YES;
				INFOPLIST_FILE = Leafy/Info.plist;
				INFOPLIST_KEY_NSCameraUsageDescription = "식물 사진을 찍기 위해 카메라를 사용합니다.";
				INFOPLIST_KEY_UIApplicationSceneManifest_Generation = YES;
				INFOPLIST_KEY_UIApplicationSupportsIndirectInputEvents = YES;
				INFOPLIST_KEY_UILaunchScreen_Generation = YES;
				INFOPLIST_KEY_UISupportedInterfaceOrientations = UIInterfaceOrientationPortrait;
				INFOPLIST_KEY_UISupportedInterfaceOrientations_iPad = "UIInterfaceOrientationLandscapeLeft UIInterfaceOrientationLandscapeRight UIInterfaceOrientationPortrait UIInterfaceOrientationPortraitUpsideDown";
				LD_RUNPATH_SEARCH_PATHS = (
					"$(inherited)",
					"@executable_path/Frameworks",
				);
				MARKETING_VERSION = 1.0.0;
				PRODUCT_BUNDLE_IDENTIFIER = com.jio.Leafy;
				PRODUCT_NAME = "$(TARGET_NAME)";
				SUPPORTED_PLATFORMS = "iphoneos iphonesimulator";
				SUPPORTS_MACCATALYST = NO;
				SUPPORTS_MAC_DESIGNED_FOR_IPHONE_IPAD = NO;
				SWIFT_EMIT_LOC_STRINGS = YES;
				SWIFT_VERSION = 5.0;
				TARGETED_DEVICE_FAMILY = 1;
			};
			name = Release;
		};
/* End XCBuildConfiguration section */

/* Begin XCConfigurationList section */
		C72752AC28D250E300013F46 /* Build configuration list for PBXProject "Leafy" */ = {
			isa = XCConfigurationList;
			buildConfigurations = (
				C72752BD28D250E400013F46 /* Debug */,
				C72752BE28D250E400013F46 /* Release */,
			);
			defaultConfigurationIsVisible = 0;
			defaultConfigurationName = Release;
		};
		C72752BF28D250E400013F46 /* Build configuration list for PBXNativeTarget "Leafy" */ = {
			isa = XCConfigurationList;
			buildConfigurations = (
				C72752C028D250E400013F46 /* Debug */,
				C72752C128D250E400013F46 /* Release */,
			);
			defaultConfigurationIsVisible = 0;
			defaultConfigurationName = Release;
		};
/* End XCConfigurationList section */

/* Begin XCVersionGroup section */
		C73555DD292FB3B4008E30F9 /* Leafy.xcdatamodeld */ = {
			isa = XCVersionGroup;
			children = (
				C73555DE292FB3B4008E30F9 /* Leafy.xcdatamodel */,
			);
			currentVersion = C73555DE292FB3B4008E30F9 /* Leafy.xcdatamodel */;
			path = Leafy.xcdatamodeld;
			sourceTree = "<group>";
			versionGroupType = wrapper.xcdatamodel;
		};
/* End XCVersionGroup section */
	};
	rootObject = C72752A928D250E300013F46 /* Project object */;
}
